github.com/1121170088/find-domain v1.0.1 h1:dlzAxQqYOrhurOTa9zEaLXWRhyqI8Bcq3PWg3znp2ro=
github.com/1121170088/find-domain v1.0.1/go.mod h1:50FcFQTz/1qd43rip9wfH1q38la17yH+KhJPzFj+pBk=
github.com/babolivier/go-doh-client v0.0.0-20201028162107-a76cff4cb8b6 h1:4NNbNM2Iq/k57qEu7WfL67UrbPq1uFWxW4qODCohi+0=
github.com/babolivier/go-doh-client v0.0.0-20201028162107-a76cff4cb8b6/go.mod h1:J29hk+f9lJrblVIfiJOtTFk+OblBawmib4uz/VdKzlg=
github.com/fghwett/icp v0.0.0-20211012072823-6d196a674cfa h1:Vh/NMrhykeDNxXLmYkCubjrNopqoDjMouO0bQX9lI+M=
github.com/fghwett/icp v0.0.0-20211012072823-6d196a674cfa/go.mod h1:r1Obz5R/0VV1hGS/IGVeaWAgoEplaQez7u/0iiOBl0g=
github.com/go-sql-driver/mysql v1.6.0 h1:BCTh4TKNUYmOmMUcQ3IipzF5prigylS7XXjEkfCHuOE=
github.com/go-sql-driver/mysql v1.6.0/go.mod h1:DCzpHaOWr8IXmIStZouvnhqoel9Qv2LBy8hT2VhHyBg=
gopkg.in/check.v1 v0.0.0-20161208181325-20d25e280405 h1:yhCVgyC4o1eVCa2tZl7eS0r+SDo693bJlVdllGtEeKM=
gopkg.in/check.v1 v0.0.0-20161208181325-20d25e280405/go.mod h1:Co6ibVJAznAaIkqp8huTwlJQCZ016jof/cbN4VW5Yz0=
gopkg.in/yaml.v3 v3.0.1 h1:fxVm/GzAzEWqLHuvctI91KS9hhNmmWOoWu0XTYJS7CA=
gopkg.in/yaml.v3 v3.0.1/go.mod h1:K4uyk7z7BCEPqu6E+C64Yfv1cQ7kz7rIZviUmN+EgEM=
